# This file is @generated by PDM.
# It is not intended for manual editing.

[metadata]
groups = ["default", "lint", "tests"]
strategy = ["cross_platform", "inherit_metadata"]
lock_version = "4.4.2"
content_hash = "sha256:719de08c5a2c811588dadc7f74360ee84fa76aea0c8077a85d46079492c24eaf"

[[package]]
name = "click"
version = "8.1.7"
requires_python = ">=3.7"
summary = "Composable command line interface toolkit"
groups = ["default"]
dependencies = [
    "colorama; platform_system == \"Windows\"",
]
files = [
    {file = "click-8.1.7-py3-none-any.whl", hash = "sha256:ae74fb96c20a0277a1d615f1e4d73c8414f5a98db8b799a7931d1582f3390c28"},
    {file = "click-8.1.7.tar.gz", hash = "sha256:ca9853ad459e787e2192211578cc907e7594e294c7ccc834310722b41b9ca6de"},
]

[[package]]
name = "colorama"
version = "0.4.6"
requires_python = "!=3.0.*,!=3.1.*,!=3.2.*,!=3.3.*,!=3.4.*,!=3.5.*,!=3.6.*,>=2.7"
summary = "Cross-platform colored terminal text."
groups = ["default", "tests"]
marker = "platform_system == \"Windows\" or sys_platform == \"win32\""
files = [
    {file = "colorama-0.4.6-py2.py3-none-any.whl", hash = "sha256:4f1d9991f5acc0ca119f9d443620b77f9d6b33703e51011c16baf57afb285fc6"},
    {file = "colorama-0.4.6.tar.gz", hash = "sha256:08695f5cb7ed6e0531a20572697297273c47b8cae5a63ffc6d6ed5c201be6e44"},
]

[[package]]
name = "importlib"
version = "1.0.4"
summary = "Backport of importlib.import_module() from Python 2.7"
groups = ["default"]
files = [
    {file = "importlib-1.0.4.zip", hash = "sha256:b6ee7066fea66e35f8d0acee24d98006de1a0a8a94a8ce6efe73a9a23c8d9826"},
]

[[package]]
name = "iniconfig"
version = "2.0.0"
requires_python = ">=3.7"
summary = "brain-dead simple config-ini parsing"
groups = ["tests"]
files = [
    {file = "iniconfig-2.0.0-py3-none-any.whl", hash = "sha256:b6a85871a79d2e3b22d2d1b94ac2824226a63c6b741c88f7ae975f18b6778374"},
    {file = "iniconfig-2.0.0.tar.gz", hash = "sha256:2d91e135bf72d31a410b17c16da610a82cb55f6b0477d1a902134b24a455b8b3"},
]

[[package]]
name = "packaging"
version = "24.1"
requires_python = ">=3.8"
summary = "Core utilities for Python packages"
groups = ["tests"]
files = [
    {file = "packaging-24.1-py3-none-any.whl", hash = "sha256:5b8f2217dbdbd2f7f384c41c628544e6d52f2d0f53c6d0c3ea61aa5d1d7ff124"},
    {file = "packaging-24.1.tar.gz", hash = "sha256:026ed72c8ed3fcce5bf8950572258698927fd1dbda10a5e981cdf0ac37f4f002"},
]

[[package]]
name = "pluggy"
version = "1.5.0"
requires_python = ">=3.8"
summary = "plugin and hook calling mechanisms for python"
groups = ["tests"]
files = [
    {file = "pluggy-1.5.0-py3-none-any.whl", hash = "sha256:44e1ad92c8ca002de6377e165f3e0f1be63266ab4d554740532335b9d75ea669"},
    {file = "pluggy-1.5.0.tar.gz", hash = "sha256:2cffa88e94fdc978c4c574f15f9e59b7f4201d439195c3715ca9e2486f1d0cf1"},
]

[[package]]
name = "pyflakes"
version = "3.2.0"
requires_python = ">=3.8"
summary = "passive checker of Python programs"
groups = ["default"]
files = [
    {file = "pyflakes-3.2.0-py2.py3-none-any.whl", hash = "sha256:84b5be138a2dfbb40689ca07e2152deb896a65c3a3e24c251c5c62489568074a"},
    {file = "pyflakes-3.2.0.tar.gz", hash = "sha256:1c61603ff154621fb2a9172037d84dca3500def8c8b630657d1701f026f8af3f"},
]

[[package]]
name = "pytest"
version = "8.2.2"
requires_python = ">=3.8"
summary = "pytest: simple powerful testing with Python"
groups = ["tests"]
dependencies = [
    "colorama; sys_platform == \"win32\"",
    "iniconfig",
    "packaging",
    "pluggy<2.0,>=1.5",
]
files = [
    {file = "pytest-8.2.2-py3-none-any.whl", hash = "sha256:c434598117762e2bd304e526244f67bf66bbd7b5d6cf22138be51ff661980343"},
    {file = "pytest-8.2.2.tar.gz", hash = "sha256:de4bb8104e201939ccdc688b27a89a7be2079b22e2bd2b07f806b6ba71117977"},
]

[[package]]
name = "ruff"
version = "0.5.3"
requires_python = ">=3.7"
summary = "An extremely fast Python linter and code formatter, written in Rust."
groups = ["lint"]
files = [
    {file = "ruff-0.5.3-py3-none-linux_armv6l.whl", hash = "sha256:b12424d9db7347fa63c5ed9af010003338c63c629fb9c9c6adb2aa4f5699729b"},
    {file = "ruff-0.5.3-py3-none-macosx_10_12_x86_64.whl", hash = "sha256:b8d72c5684bbd4ed304a9a955ee2e67f57b35f6193222ade910cca8a805490e3"},
    {file = "ruff-0.5.3-py3-none-macosx_11_0_arm64.whl", hash = "sha256:d2fc2cdb85ccac1e816cc9d5d8cedefd93661bd957756d902543af32a6b04a71"},
    {file = "ruff-0.5.3-py3-none-manylinux_2_17_aarch64.manylinux2014_aarch64.whl", hash = "sha256:cf4bc751240b2fab5d19254571bcacb315c7b0b00bf3c912d52226a82bbec073"},
    {file = "ruff-0.5.3-py3-none-manylinux_2_17_armv7l.manylinux2014_armv7l.whl", hash = "sha256:bc697ec874fdd7c7ba0a85ec76ab38f8595224868d67f097c5ffc21136e72fcd"},
    {file = "ruff-0.5.3-py3-none-manylinux_2_17_i686.manylinux2014_i686.whl", hash = "sha256:e791d34d3557a3819b3704bc1f087293c821083fa206812842fa363f6018a192"},
    {file = "ruff-0.5.3-py3-none-manylinux_2_17_ppc64.manylinux2014_ppc64.whl", hash = "sha256:76bb5a87fd397520b91a83eae8a2f7985236d42dd9459f09eef58e7f5c1d8316"},
    {file = "ruff-0.5.3-py3-none-manylinux_2_17_ppc64le.manylinux2014_ppc64le.whl", hash = "sha256:a8cfc7a26422c78e94f1ec78ec02501bbad2df5834907e75afe474cc6b83a8c1"},
    {file = "ruff-0.5.3-py3-none-manylinux_2_17_s390x.manylinux2014_s390x.whl", hash = "sha256:96066c4328a49fce2dd40e80f7117987369feec30ab771516cf95f1cc2db923c"},
    {file = "ruff-0.5.3-py3-none-manylinux_2_17_x86_64.manylinux2014_x86_64.whl", hash = "sha256:03bfe9ab5bdc0b08470c3b261643ad54ea86edc32b64d1e080892d7953add3ad"},
    {file = "ruff-0.5.3-py3-none-musllinux_1_2_aarch64.whl", hash = "sha256:7704582a026fa02cca83efd76671a98ee6eb412c4230209efe5e2a006c06db62"},
    {file = "ruff-0.5.3-py3-none-musllinux_1_2_armv7l.whl", hash = "sha256:08058d077e21b856d32ebf483443390e29dc44d927608dc8f092ff6776519da9"},
    {file = "ruff-0.5.3-py3-none-musllinux_1_2_i686.whl", hash = "sha256:77d49484429ed7c7e6e2e75a753f153b7b58f875bdb4158ad85af166a1ec1822"},
    {file = "ruff-0.5.3-py3-none-musllinux_1_2_x86_64.whl", hash = "sha256:642cbff6cbfa38d2566d8db086508d6f472edb136cbfcc4ea65997745368c29e"},
    {file = "ruff-0.5.3-py3-none-win32.whl", hash = "sha256:eafc45dd8bdc37a00b28e68cc038daf3ca8c233d73fea276dcd09defb1352841"},
    {file = "ruff-0.5.3-py3-none-win_amd64.whl", hash = "sha256:cbaec2ddf4f78e5e9ecf5456ea0f496991358a1d883862ed0b9e947e2b6aea93"},
    {file = "ruff-0.5.3-py3-none-win_arm64.whl", hash = "sha256:05fbd2cb404775d6cd7f2ff49504e2d20e13ef95fa203bd1ab22413af70d420b"},
    {file = "ruff-0.5.3.tar.gz", hash = "sha256:2a3eb4f1841771fa5b67a56be9c2d16fd3cc88e378bd86aaeaec2f7e6bcdd0a2"},
]

[[package]]
name = "xdg-base-dirs"
version = "6.0.1"
requires_python = ">=3.10,<4.0"
summary = "Variables defined by the XDG Base Directory Specification"
groups = ["default"]
files = [
    {file = "xdg_base_dirs-6.0.1-py3-none-any.whl", hash = "sha256:63f6ebc1721ced2e86c340856e004ef829501a30a37e17079c52cfaf0e1741b9"},
    {file = "xdg_base_dirs-6.0.1.tar.gz", hash = "sha256:b4c8f4ba72d1286018b25eea374ec6fbf4fddda3d4137edf50de95de53e195a6"},
]
